
Microsoft Visual Studio Solution File, Format Version 12.00
# Visual Studio Version 16
VisualStudioVersion = 16.0.30413.136
MinimumVisualStudioVersion = 10.0.40219.1
Project("{9A19103F-16F7-4668-BE54-9A1E7A4F7556}") = "SudokuLogic", "SudokuLogic\SudokuLogic.csproj", "{C7585F15-873D-4DEA-85DB-E896A4A0FBFF}"
EndProject
Global
	GlobalSection(SolutionConfigurationPlatforms) = preSolution
		Debug|Any CPU = Debug|Any CPU
		Release|Any CPU = Release|Any CPU
	EndGlobalSection
	GlobalSection(ProjectConfigurationPlatforms) = postSolution
		{C7585F15-873D-4DEA-85DB-E896A4A0FBFF}.Debug|Any CPU.ActiveCfg = Debug|Any CPU
		{C7585F15-873D-4DEA-85DB-E896A4A0FBFF}.Debug|Any CPU.Build.0 = Debug|Any CPU
		{C7585F15-873D-4DEA-85DB-E896A4A0FBFF}.Release|Any CPU.ActiveCfg = Release|Any CPU
		{C7585F15-873D-4DEA-85DB-E896A4A0FBFF}.Release|Any CPU.Build.0 = Release|Any CPU
	EndGlobalSection
	GlobalSection(SolutionProperties) = preSolution
		HideSolutionNode = FALSE
	EndGlobalSection
	GlobalSection(ExtensibilityGlobals) = postSolution
		SolutionGuid = {749A1E62-799C-4FCF-8678-A1B0E3090810}
	EndGlobalSection
EndGlobal
